// !$*UTF8*$!
{
	archiveVersion = 1;
	classes = {
	};
	objectVersion = 50;
	objects = {

/* Begin PBXBuildFile section */
		C7D906E4251D98A800EEAD5E /* main.cpp in Sources */ = {isa = PBXBuildFile; fileRef = C7D906E3251D98A800EEAD5E /* main.cpp */; };
		C7D906ED251F036500EEAD5E /* ImageHash.cpp in Sources */ = {isa = PBXBuildFile; fileRef = C7D906EB251F036500EEAD5E /* ImageHash.cpp */; };
		C7D906F0251F20D700EEAD5E /* phash.cpp in Sources */ = {isa = PBXBuildFile; fileRef = C7D906EE251F20D700EEAD5E /* phash.cpp */; };
/* End PBXBuildFile section */

/* Begin PBXCopyFilesBuildPhase section */
		C7D906DE251D98A800EEAD5E /* CopyFiles */ = {
			isa = PBXCopyFilesBuildPhase;
			buildActionMask = 2147483647;
			dstPath = /usr/share/man/man1/;
			dstSubfolderSpec = 0;
			files = (
			);
			runOnlyForDeploymentPostprocessing = 1;
		};
/* End PBXCopyFilesBuildPhase section */

/* Begin PBXFileReference section */
		C7D906E0251D98A800EEAD5E /* phash */ = {isa = PBXFileReference; explicitFileType = "compiled.mach-o.executable"; includeInIndex = 0; path = phash; sourceTree = BUILT_PRODUCTS_DIR; };
		C7D906E3251D98A800EEAD5E /* main.cpp */ = {isa = PBXFileReference; lastKnownFileType = sourcecode.cpp.cpp; path = main.cpp; sourceTree = "<group>"; };
		C7D906EB251F036500EEAD5E /* ImageHash.cpp */ = {isa = PBXFileReference; lastKnownFileType = sourcecode.cpp.cpp; path = ImageHash.cpp; sourceTree = "<group>"; };
		C7D906EC251F036500EEAD5E /* ImageHash.hpp */ = {isa = PBXFileReference; lastKnownFileType = sourcecode.cpp.h; path = ImageHash.hpp; sourceTree = "<group>"; };
		C7D906EE251F20D700EEAD5E /* phash.cpp */ = {isa = PBXFileReference; lastKnownFileType = sourcecode.cpp.cpp; path = phash.cpp; sourceTree = "<group>"; };
		C7D906EF251F20D700EEAD5E /* phash.hpp */ = {isa = PBXFileReference; lastKnownFileType = sourcecode.cpp.h; path = phash.hpp; sourceTree = "<group>"; };
		C7D906F1251F3BDB00EEAD5E /* CMakeLists.txt */ = {isa = PBXFileReference; lastKnownFileType = text; path = CMakeLists.txt; sourceTree = "<group>"; };
/* End PBXFileReference section */

/* Begin PBXFrameworksBuildPhase section */
		C7D906DD251D98A800EEAD5E /* Frameworks */ = {
			isa = PBXFrameworksBuildPhase;
			buildActionMask = 2147483647;
			files = (
			);
			runOnlyForDeploymentPostprocessing = 0;
		};
/* End PBXFrameworksBuildPhase section */

/* Begin PBXGroup section */
		C7D906D7251D98A700EEAD5E = {
			isa = PBXGroup;
			children = (
				C7D906E2251D98A800EEAD5E /* phash */,
				C7D906E1251D98A800EEAD5E /* Products */,
			);
			sourceTree = "<group>";
		};
		C7D906E1251D98A800EEAD5E /* Products */ = {
			isa = PBXGroup;
			children = (
				C7D906E0251D98A800EEAD5E /* phash */,
			);
			name = Products;
			sourceTree = "<group>";
		};
		C7D906E2251D98A800EEAD5E /* phash */ = {
			isa = PBXGroup;
			children = (
				C7D906E3251D98A800EEAD5E /* main.cpp */,
				C7D906EB251F036500EEAD5E /* ImageHash.cpp */,
				C7D906EC251F036500EEAD5E /* ImageHash.hpp */,
				C7D906EE251F20D700EEAD5E /* phash.cpp */,
				C7D906EF251F20D700EEAD5E /* phash.hpp */,
				C7D906F1251F3BDB00EEAD5E /* CMakeLists.txt */,
			);
			path = phash;
			sourceTree = "<group>";
		};
/* End PBXGroup section */

/* Begin PBXNativeTarget section */
		C7D906DF251D98A800EEAD5E /* phash */ = {
			isa = PBXNativeTarget;
			buildConfigurationList = C7D906E7251D98A800EEAD5E /* Build configuration list for PBXNativeTarget "phash" */;
			buildPhases = (
				C7D906DC251D98A800EEAD5E /* Sources */,
				C7D906DD251D98A800EEAD5E /* Frameworks */,
				C7D906DE251D98A800EEAD5E /* CopyFiles */,
			);
			buildRules = (
			);
			dependencies = (
			);
			name = phash;
			productName = phash;
			productReference = C7D906E0251D98A800EEAD5E /* phash */;
			productType = "com.apple.product-type.tool";
		};
/* End PBXNativeTarget section */

/* Begin PBXProject section */
		C7D906D8251D98A700EEAD5E /* Project object */ = {
			isa = PBXProject;
			attributes = {
				LastUpgradeCheck = 1030;
				ORGANIZATIONNAME = "Vyacheslav V Sokolov";
				TargetAttributes = {
					C7D906DF251D98A800EEAD5E = {
						CreatedOnToolsVersion = 10.3;
					};
				};
			};
			buildConfigurationList = C7D906DB251D98A700EEAD5E /* Build configuration list for PBXProject "phash" */;
			compatibilityVersion = "Xcode 9.3";
			developmentRegion = en;
			hasScannedForEncodings = 0;
			knownRegions = (
				en,
			);
			mainGroup = C7D906D7251D98A700EEAD5E;
			productRefGroup = C7D906E1251D98A800EEAD5E /* Products */;
			projectDirPath = "";
			projectRoot = "";
			targets = (
				C7D906DF251D98A800EEAD5E /* phash */,
			);
		};
/* End PBXProject section */

/* Begin PBXSourcesBuildPhase section */
		C7D906DC251D98A800EEAD5E /* Sources */ = {
			isa = PBXSourcesBuildPhase;
			buildActionMask = 2147483647;
			files = (
				C7D906E4251D98A800EEAD5E /* main.cpp in Sources */,
				C7D906ED251F036500EEAD5E /* ImageHash.cpp in Sources */,
				C7D906F0251F20D700EEAD5E /* phash.cpp in Sources */,
			);
			runOnlyForDeploymentPostprocessing = 0;
		};
/* End PBXSourcesBuildPhase section */

/* Begin XCBuildConfiguration section */
		C7D906E5251D98A800EEAD5E /* Debug */ = {
			isa = XCBuildConfiguration;
			buildSettings = {
				ALWAYS_SEARCH_USER_PATHS = NO;
				CLANG_ANALYZER_NONNULL = YES;
				CLANG_ANALYZER_NUMBER_OBJECT_CONVERSION = YES_AGGRESSIVE;
				CLANG_CXX_LANGUAGE_STANDARD = "gnu++14";
				CLANG_CXX_LIBRARY = "libc++";
				CLANG_ENABLE_MODULES = YES;
				CLANG_ENABLE_OBJC_ARC = YES;
				CLANG_ENABLE_OBJC_WEAK = YES;
				CLANG_WARN_BLOCK_CAPTURE_AUTORELEASING = YES;
				CLANG_WARN_BOOL_CONVERSION = YES;
				CLANG_WARN_COMMA = YES;
				CLANG_WARN_CONSTANT_CONVERSION = YES;
				CLANG_WARN_DEPRECATED_OBJC_IMPLEMENTATIONS = YES;
				CLANG_WARN_DIRECT_OBJC_ISA_USAGE = YES_ERROR;
				CLANG_WARN_DOCUMENTATION_COMMENTS = YES;
				CLANG_WARN_EMPTY_BODY = YES;
				CLANG_WARN_ENUM_CONVERSION = YES;
				CLANG_WARN_INFINITE_RECURSION = YES;
				CLANG_WARN_INT_CONVERSION = YES;
				CLANG_WARN_NON_LITERAL_NULL_CONVERSION = YES;
				CLANG_WARN_OBJC_IMPLICIT_RETAIN_SELF = YES;
				CLANG_WARN_OBJC_LITERAL_CONVERSION = YES;
				CLANG_WARN_OBJC_ROOT_CLASS = YES_ERROR;
				CLANG_WARN_RANGE_LOOP_ANALYSIS = YES;
				CLANG_WARN_STRICT_PROTOTYPES = YES;
				CLANG_WARN_SUSPICIOUS_MOVE = YES;
				CLANG_WARN_UNGUARDED_AVAILABILITY = YES_AGGRESSIVE;
				CLANG_WARN_UNREACHABLE_CODE = YES;
				CLANG_WARN__DUPLICATE_METHOD_MATCH = YES;
				CODE_SIGN_IDENTITY = "Mac Developer";
				COPY_PHASE_STRIP = NO;
				DEBUG_INFORMATION_FORMAT = dwarf;
				ENABLE_STRICT_OBJC_MSGSEND = YES;
				ENABLE_TESTABILITY = YES;
				GCC_C_LANGUAGE_STANDARD = gnu11;
				GCC_DYNAMIC_NO_PIC = NO;
				GCC_NO_COMMON_BLOCKS = YES;
				GCC_OPTIMIZATION_LEVEL = 0;
				GCC_PREPROCESSOR_DEFINITIONS = (
					"DEBUG=1",
					"$(inherited)",
				);
				GCC_WARN_64_TO_32_BIT_CONVERSION = YES;
				GCC_WARN_ABOUT_RETURN_TYPE = YES_ERROR;
				GCC_WARN_UNDECLARED_SELECTOR = YES;
				GCC_WARN_UNINITIALIZED_AUTOS = YES_AGGRESSIVE;
				GCC_WARN_UNUSED_FUNCTION = YES;
				GCC_WARN_UNUSED_VARIABLE = YES;
				MACOSX_DEPLOYMENT_TARGET = 10.14;
				MTL_ENABLE_DEBUG_INFO = INCLUDE_SOURCE;
				MTL_FAST_MATH = YES;
				ONLY_ACTIVE_ARCH = YES;
				SDKROOT = macosx;
			};
			name = Debug;
		};
		C7D906E6251D98A800EEAD5E /* Release */ = {
			isa = XCBuildConfiguration;
			buildSettings = {
				ALWAYS_SEARCH_USER_PATHS = NO;
				CLANG_ANALYZER_NONNULL = YES;
				CLANG_ANALYZER_NUMBER_OBJECT_CONVERSION = YES_AGGRESSIVE;
				CLANG_CXX_LANGUAGE_STANDARD = "gnu++14";
				CLANG_CXX_LIBRARY = "libc++";
				CLANG_ENABLE_MODULES = YES;
				CLANG_ENABLE_OBJC_ARC = YES;
				CLANG_ENABLE_OBJC_WEAK = YES;
				CLANG_WARN_BLOCK_CAPTURE_AUTORELEASING = YES;
				CLANG_WARN_BOOL_CONVERSION = YES;
				CLANG_WARN_COMMA = YES;
				CLANG_WARN_CONSTANT_CONVERSION = YES;
				CLANG_WARN_DEPRECATED_OBJC_IMPLEMENTATIONS = YES;
				CLANG_WARN_DIRECT_OBJC_ISA_USAGE = YES_ERROR;
				CLANG_WARN_DOCUMENTATION_COMMENTS = YES;
				CLANG_WARN_EMPTY_BODY = YES;
				CLANG_WARN_ENUM_CONVERSION = YES;
				CLANG_WARN_INFINITE_RECURSION = YES;
				CLANG_WARN_INT_CONVERSION = YES;
				CLANG_WARN_NON_LITERAL_NULL_CONVERSION = YES;
				CLANG_WARN_OBJC_IMPLICIT_RETAIN_SELF = YES;
				CLANG_WARN_OBJC_LITERAL_CONVERSION = YES;
				CLANG_WARN_OBJC_ROOT_CLASS = YES_ERROR;
				CLANG_WARN_RANGE_LOOP_ANALYSIS = YES;
				CLANG_WARN_STRICT_PROTOTYPES = YES;
				CLANG_WARN_SUSPICIOUS_MOVE = YES;
				CLANG_WARN_UNGUARDED_AVAILABILITY = YES_AGGRESSIVE;
				CLANG_WARN_UNREACHABLE_CODE = YES;
				CLANG_WARN__DUPLICATE_METHOD_MATCH = YES;
				CODE_SIGN_IDENTITY = "Mac Developer";
				COPY_PHASE_STRIP = NO;
				DEBUG_INFORMATION_FORMAT = "dwarf-with-dsym";
				ENABLE_NS_ASSERTIONS = NO;
				ENABLE_STRICT_OBJC_MSGSEND = YES;
				GCC_C_LANGUAGE_STANDARD = gnu11;
				GCC_NO_COMMON_BLOCKS = YES;
				GCC_WARN_64_TO_32_BIT_CONVERSION = YES;
				GCC_WARN_ABOUT_RETURN_TYPE = YES_ERROR;
				GCC_WARN_UNDECLARED_SELECTOR = YES;
				GCC_WARN_UNINITIALIZED_AUTOS = YES_AGGRESSIVE;
				GCC_WARN_UNUSED_FUNCTION = YES;
				GCC_WARN_UNUSED_VARIABLE = YES;
				MACOSX_DEPLOYMENT_TARGET = 10.14;
				MTL_ENABLE_DEBUG_INFO = NO;
				MTL_FAST_MATH = YES;
				SDKROOT = macosx;
			};
			name = Release;
		};
		C7D906E8251D98A800EEAD5E /* Debug */ = {
			isa = XCBuildConfiguration;
			buildSettings = {
				CODE_SIGN_STYLE = Automatic;
				DEVELOPMENT_TEAM = 62U5RJKCTW;
				GCC_PREPROCESSOR_DEFINITIONS = (
					"MAGICKCORE_HDRI_ENABLE=1",
					"MAGICKCORE_QUANTUM_DEPTH=16",
					"DEBUG=1",
				);
				HEADER_SEARCH_PATHS = "/usr/local/Cellar/imagemagick/7.0.10-30_1/include/ImageMagick-7";
				LIBRARY_SEARCH_PATHS = "/usr/local/Cellar/imagemagick/7.0.10-30_1/lib";
				OTHER_CPLUSPLUSFLAGS = (
					"$(OTHER_CFLAGS)",
					"-Xpreprocessor",
					"-fopenmp",
				);
				OTHER_LDFLAGS = (
					"-lMagick++-7.Q16HDRI",
					"-lMagickWand-7.Q16HDRI",
					"-lMagickCore-7.Q16HDRI",
				);
				PRODUCT_NAME = "$(TARGET_NAME)";
			};
			name = Debug;
		};
		C7D906E9251D98A800EEAD5E /* Release */ = {
			isa = XCBuildConfiguration;
			buildSettings = {
				CODE_SIGN_STYLE = Automatic;
				DEVELOPMENT_TEAM = 62U5RJKCTW;
				GCC_PREPROCESSOR_DEFINITIONS = (
					"MAGICKCORE_HDRI_ENABLE=1",
					"MAGICKCORE_QUANTUM_DEPTH=16",
				);
				HEADER_SEARCH_PATHS = "/usr/local/Cellar/imagemagick/7.0.10-30_1/include/ImageMagick-7";
				LIBRARY_SEARCH_PATHS = "/usr/local/Cellar/imagemagick/7.0.10-30_1/lib";
				OTHER_CPLUSPLUSFLAGS = (
					"$(OTHER_CFLAGS)",
					"-Xpreprocessor",
					"-fopenmp",
				);
				OTHER_LDFLAGS = (
					"-lMagick++-7.Q16HDRI",
					"-lMagickWand-7.Q16HDRI",
					"-lMagickCore-7.Q16HDRI",
				);
				PRODUCT_NAME = "$(TARGET_NAME)";
			};
			name = Release;
		};
/* End XCBuildConfiguration section */

/* Begin XCConfigurationList section */
		C7D906DB251D98A700EEAD5E /* Build configuration list for PBXProject "phash" */ = {
			isa = XCConfigurationList;
			buildConfigurations = (
				C7D906E5251D98A800EEAD5E /* Debug */,
				C7D906E6251D98A800EEAD5E /* Release */,
			);
			defaultConfigurationIsVisible = 0;
			defaultConfigurationName = Release;
		};
		C7D906E7251D98A800EEAD5E /* Build configuration list for PBXNativeTarget "phash" */ = {
			isa = XCConfigurationList;
			buildConfigurations = (
				C7D906E8251D98A800EEAD5E /* Debug */,
				C7D906E9251D98A800EEAD5E /* Release */,
			);
			defaultConfigurationIsVisible = 0;
			defaultConfigurationName = Release;
		};
/* End XCConfigurationList section */
	};
	rootObject = C7D906D8251D98A700EEAD5E /* Project object */;
}
